
Microsoft Visual Studio Solution File, Format Version 12.00
# Visual Studio Version 16
VisualStudioVersion = 16.0.31005.135
MinimumVisualStudioVersion = 10.0.40219.1
Project("{FAE04EC0-301F-11D3-BF4B-00C04F79EFBC}") = "Client", "Client\Client.csproj", "{517F069A-E4C4-411B-8079-4CE469EB7767}"
EndProject
Global
	GlobalSection(SolutionConfigurationPlatforms) = preSolution
		Debug|Any CPU = Debug|Any CPU
		Release|Any CPU = Release|Any CPU
	EndGlobalSection
	GlobalSection(ProjectConfigurationPlatforms) = postSolution
		{517F069A-E4C4-411B-8079-4CE469EB7767}.Debug|Any CPU.ActiveCfg = Debug|Any CPU
		{517F069A-E4C4-411B-8079-4CE469EB7767}.Debug|Any CPU.Build.0 = Debug|Any CPU
		{517F069A-E4C4-411B-8079-4CE469EB7767}.Release|Any CPU.ActiveCfg = Release|Any CPU
		{517F069A-E4C4-411B-8079-4CE469EB7767}.Release|Any CPU.Build.0 = Release|Any CPU
	EndGlobalSection
	GlobalSection(SolutionProperties) = preSolution
		HideSolutionNode = FALSE
	EndGlobalSection
	GlobalSection(ExtensibilityGlobals) = postSolution
		SolutionGuid = {D917CB50-CC1D-4F41-AB55-6D18CEB2D68C}
	EndGlobalSection
EndGlobal
