
Microsoft Visual Studio Solution File, Format Version 12.00
# Visual Studio Version 16
VisualStudioVersion = 16.0.31005.135
MinimumVisualStudioVersion = 10.0.40219.1
Project("{FAE04EC0-301F-11D3-BF4B-00C04F79EFBC}") = "Server_Test", "Server_Test\Server_Test.csproj", "{8BD9FCD1-8940-4817-890A-123C19D3B121}"
EndProject
Global
	GlobalSection(SolutionConfigurationPlatforms) = preSolution
		Debug|Any CPU = Debug|Any CPU
		Release|Any CPU = Release|Any CPU
	EndGlobalSection
	GlobalSection(ProjectConfigurationPlatforms) = postSolution
		{8BD9FCD1-8940-4817-890A-123C19D3B121}.Debug|Any CPU.ActiveCfg = Debug|Any CPU
		{8BD9FCD1-8940-4817-890A-123C19D3B121}.Debug|Any CPU.Build.0 = Debug|Any CPU
		{8BD9FCD1-8940-4817-890A-123C19D3B121}.Release|Any CPU.ActiveCfg = Release|Any CPU
		{8BD9FCD1-8940-4817-890A-123C19D3B121}.Release|Any CPU.Build.0 = Release|Any CPU
	EndGlobalSection
	GlobalSection(SolutionProperties) = preSolution
		HideSolutionNode = FALSE
	EndGlobalSection
	GlobalSection(ExtensibilityGlobals) = postSolution
		SolutionGuid = {A2965444-212D-4992-A928-39A26AFB1C4E}
	EndGlobalSection
EndGlobal
